<?xml version="1.0" encoding="utf-8"?>
<Project ToolsVersion="4.0" xmlns="http://schemas.microsoft.com/developer/msbuild/2003">
  <ItemGroup>
    <Filter Include="소스 파일">
      <UniqueIdentifier>{4FC737F1-C7A5-4376-A066-2A32D752A2FF}</UniqueIdentifier>
      <Extensions>cpp;c;cc;cxx;def;odl;idl;hpj;bat;asm;asmx</Extensions>
    </Filter>
    <Filter Include="헤더 파일">
      <UniqueIdentifier>{93995380-89BD-4b04-88EB-625FBE52EBFB}</UniqueIdentifier>
      <Extensions>h;hh;hpp;hxx;hm;inl;inc;ipp;xsd</Extensions>
    </Filter>
    <Filter Include="리소스 파일">
      <UniqueIdentifier>{67DA6AB6-F800-4c08-8B7A-83BB121AAD01}</UniqueIdentifier>
      <Extensions>rc;ico;cur;bmp;dlg;rc2;rct;bin;rgs;gif;jpg;jpeg;jpe;resx;tiff;tif;png;wav;mfcribbon-ms</Extensions>
    </Filter>
    <Filter Include="소스 파일\ShaderClass">
      <UniqueIdentifier>{0b409afd-dd59-4307-8de5-1a4c29caf157}</UniqueIdentifier>
    </Filter>
    <Filter Include="헤더 파일\ShaderClass">
      <UniqueIdentifier>{ec7640b4-ac43-4791-9a12-f0656934e50a}</UniqueIdentifier>
    </Filter>
    <Filter Include="소스 파일\ImGui">
      <UniqueIdentifier>{54f1c78f-4674-460f-921a-897f0f5c1e77}</UniqueIdentifier>
    </Filter>
    <Filter Include="헤더 파일\ImGui">
      <UniqueIdentifier>{0e703060-f158-41de-9753-1e927bb14246}</UniqueIdentifier>
    </Filter>
    <Filter Include="소스 파일\DesignPattern">
      <UniqueIdentifier>{33a9ca79-1dad-4bea-bd34-a68912178657}</UniqueIdentifier>
    </Filter>
    <Filter Include="헤더 파일\DesignPattern">
      <UniqueIdentifier>{94d7d1af-348b-4648-8d45-0822ecfb9615}</UniqueIdentifier>
    </Filter>
    <Filter Include="소스 파일\FBXImporter">
      <UniqueIdentifier>{39e5a4bb-a3c5-4081-8ef1-707da4ffaeca}</UniqueIdentifier>
    </Filter>
    <Filter Include="헤더 파일\FBXImporter">
      <UniqueIdentifier>{ae3bfbc7-5f50-458e-95e3-a8270464d778}</UniqueIdentifier>
    </Filter>
    <Filter Include="소스 파일\Components">
      <UniqueIdentifier>{49380fcc-9134-4f62-b456-92c0372bdaaa}</UniqueIdentifier>
    </Filter>
    <Filter Include="헤더 파일\Components">
      <UniqueIdentifier>{e908a729-dd46-4ab1-a109-95a76d50bb28}</UniqueIdentifier>
    </Filter>
    <Filter Include="소스 파일\Assimp">
      <UniqueIdentifier>{1cbcd214-c32a-442e-9436-32a8bd1e83d2}</UniqueIdentifier>
    </Filter>
    <Filter Include="헤더 파일\Assimp">
      <UniqueIdentifier>{c9c1a67e-15a8-4428-8c3d-3ed485e02234}</UniqueIdentifier>
    </Filter>
    <Filter Include="헤더 파일\Utils">
      <UniqueIdentifier>{db239483-0c6d-424c-aa92-285c67ec262d}</UniqueIdentifier>
    </Filter>
  </ItemGroup>
  <ItemGroup>
    <ClCompile Include="D3DClass.cpp">
      <Filter>소스 파일</Filter>
    </ClCompile>
    <ClCompile Include="GraphicsClass.cpp">
      <Filter>소스 파일</Filter>
    </ClCompile>
    <ClCompile Include="InputClass.cpp">
      <Filter>소스 파일</Filter>
    </ClCompile>
    <ClCompile Include="SystemClass.cpp">
      <Filter>소스 파일</Filter>
    </ClCompile>
    <ClCompile Include="WinMain.cpp">
      <Filter>소스 파일</Filter>
    </ClCompile>
    <ClCompile Include="ModelClass.cpp">
      <Filter>소스 파일</Filter>
    </ClCompile>
    <ClCompile Include="CameraClass.cpp">
      <Filter>소스 파일</Filter>
    </ClCompile>
    <ClCompile Include="TextureClass.cpp">
      <Filter>소스 파일</Filter>
    </ClCompile>
    <ClCompile Include="LightClass.cpp">
      <Filter>소스 파일</Filter>
    </ClCompile>
    <ClCompile Include="BitmapClass.cpp">
      <Filter>소스 파일</Filter>
    </ClCompile>
    <ClCompile Include="TextClass.cpp">
      <Filter>소스 파일</Filter>
    </ClCompile>
    <ClCompile Include="FontClass.cpp">
      <Filter>소스 파일</Filter>
    </ClCompile>
    <ClCompile Include="FrustumClass.cpp">
      <Filter>소스 파일</Filter>
    </ClCompile>
    <ClCompile Include="PositionClass.cpp">
      <Filter>소스 파일</Filter>
    </ClCompile>
    <ClCompile Include="ModelListClass.cpp">
      <Filter>소스 파일</Filter>
    </ClCompile>
    <ClCompile Include="TimerClass.cpp">
      <Filter>소스 파일</Filter>
    </ClCompile>
    <ClCompile Include="SoundClass.cpp">
      <Filter>소스 파일</Filter>
    </ClCompile>
    <ClCompile Include="ShaderClass\ColorShaderClass.cpp">
      <Filter>소스 파일\ShaderClass</Filter>
    </ClCompile>
    <ClCompile Include="ShaderClass\FontShaderClass.cpp">
      <Filter>소스 파일\ShaderClass</Filter>
    </ClCompile>
    <ClCompile Include="ShaderClass\LightShaderClass.cpp">
      <Filter>소스 파일\ShaderClass</Filter>
    </ClCompile>
    <ClCompile Include="ShaderClass\TextureShaderClass.cpp">
      <Filter>소스 파일\ShaderClass</Filter>
    </ClCompile>
    <ClCompile Include="ImGui\imgui.cpp">
      <Filter>소스 파일\ImGui</Filter>
    </ClCompile>
    <ClCompile Include="ImGui\imgui_demo.cpp">
      <Filter>소스 파일\ImGui</Filter>
    </ClCompile>
    <ClCompile Include="ImGui\imgui_draw.cpp">
      <Filter>소스 파일\ImGui</Filter>
    </ClCompile>
    <ClCompile Include="ImGui\imgui_impl_dx11.cpp">
      <Filter>소스 파일\ImGui</Filter>
    </ClCompile>
    <ClCompile Include="ImGui\imgui_widgets.cpp">
      <Filter>소스 파일\ImGui</Filter>
    </ClCompile>
    <ClCompile Include="ImGui\imgui_impl_win32.cpp">
      <Filter>소스 파일\ImGui</Filter>
    </ClCompile>
    <ClCompile Include="ImGui\ImGuiEditorClass.cpp">
      <Filter>소스 파일\ImGui</Filter>
    </ClCompile>
    <ClCompile Include="..\..\DesignPattern\Component.cpp">
      <Filter>소스 파일\DesignPattern</Filter>
    </ClCompile>
    <ClCompile Include="..\..\DesignPattern\GameObject.cpp">
      <Filter>소스 파일\DesignPattern</Filter>
    </ClCompile>
    <ClCompile Include="..\..\DesignPattern\Transform.cpp">
      <Filter>소스 파일\DesignPattern</Filter>
    </ClCompile>
    <ClCompile Include="ShaderManager.cpp">
      <Filter>소스 파일\ShaderClass</Filter>
    </ClCompile>
    <ClCompile Include="RenderTextureClass.cpp">
      <Filter>소스 파일</Filter>
    </ClCompile>
    <ClCompile Include="FBXImporter.cpp">
      <Filter>소스 파일\FBXImporter</Filter>
    </ClCompile>
    <ClCompile Include="Material.cpp">
      <Filter>소스 파일\Components</Filter>
    </ClCompile>
    <ClCompile Include="ImGui\DrawInspector.cpp">
      <Filter>소스 파일\ImGui</Filter>
    </ClCompile>
    <ClCompile Include="Assimp\ModelLoader.cpp">
      <Filter>소스 파일\Assimp</Filter>
    </ClCompile>
    <ClCompile Include="Assimp\TextureLoader.cpp">
      <Filter>소스 파일\Assimp</Filter>
    </ClCompile>
  </ItemGroup>
  <ItemGroup>
    <ClInclude Include="SystemClass.h">
      <Filter>헤더 파일</Filter>
    </ClInclude>
    <ClInclude Include="InputClass.h">
      <Filter>헤더 파일</Filter>
    </ClInclude>
    <ClInclude Include="D3DClass.h">
      <Filter>헤더 파일</Filter>
    </ClInclude>
    <ClInclude Include="ModelClass.h">
      <Filter>헤더 파일</Filter>
    </ClInclude>
    <ClInclude Include="CameraClass.h">
      <Filter>헤더 파일</Filter>
    </ClInclude>
    <ClInclude Include="TextureClass.h">
      <Filter>헤더 파일</Filter>
    </ClInclude>
    <ClInclude Include="LightClass.h">
      <Filter>헤더 파일</Filter>
    </ClInclude>
    <ClInclude Include="BitmapClass.h">
      <Filter>헤더 파일</Filter>
    </ClInclude>
    <ClInclude Include="TextClass.h">
      <Filter>헤더 파일</Filter>
    </ClInclude>
    <ClInclude Include="FontClass.h">
      <Filter>헤더 파일</Filter>
    </ClInclude>
    <ClInclude Include="FrustumClass.h">
      <Filter>헤더 파일</Filter>
    </ClInclude>
    <ClInclude Include="PositionClass.h">
      <Filter>헤더 파일</Filter>
    </ClInclude>
    <ClInclude Include="ModelListClass.h">
      <Filter>헤더 파일</Filter>
    </ClInclude>
    <ClInclude Include="TimerClass.h">
      <Filter>헤더 파일</Filter>
    </ClInclude>
    <ClInclude Include="SoundClass.h">
      <Filter>헤더 파일</Filter>
    </ClInclude>
    <ClInclude Include="ShaderClass\ColorShaderClass.h">
      <Filter>헤더 파일\ShaderClass</Filter>
    </ClInclude>
    <ClInclude Include="ShaderClass\FontShaderClass.h">
      <Filter>헤더 파일\ShaderClass</Filter>
    </ClInclude>
    <ClInclude Include="ShaderClass\LightShaderClass.h">
      <Filter>헤더 파일\ShaderClass</Filter>
    </ClInclude>
    <ClInclude Include="ShaderClass\TextureShaderClass.h">
      <Filter>헤더 파일\ShaderClass</Filter>
    </ClInclude>
    <ClInclude Include="ImGui\imconfig.h">
      <Filter>헤더 파일\ImGui</Filter>
    </ClInclude>
    <ClInclude Include="ImGui\imgui.h">
      <Filter>헤더 파일\ImGui</Filter>
    </ClInclude>
    <ClInclude Include="ImGui\imgui_impl_dx11.h">
      <Filter>헤더 파일\ImGui</Filter>
    </ClInclude>
    <ClInclude Include="ImGui\imgui_internal.h">
      <Filter>헤더 파일\ImGui</Filter>
    </ClInclude>
    <ClInclude Include="GraphicsClass.h">
      <Filter>헤더 파일</Filter>
    </ClInclude>
    <ClInclude Include="ImGui\imgui_impl_win32.h">
      <Filter>헤더 파일\ImGui</Filter>
    </ClInclude>
    <ClInclude Include="ImGui\ImGuiEditorClass.h">
      <Filter>헤더 파일\ImGui</Filter>
    </ClInclude>
    <ClInclude Include="ImGui\imstb_rectpack.h">
      <Filter>헤더 파일\ImGui</Filter>
    </ClInclude>
    <ClInclude Include="ImGui\imstb_textedit.h">
      <Filter>헤더 파일\ImGui</Filter>
    </ClInclude>
    <ClInclude Include="ImGui\imstb_truetype.h">
      <Filter>헤더 파일\ImGui</Filter>
    </ClInclude>
    <ClInclude Include="..\..\DesignPattern\Component.h">
      <Filter>헤더 파일\DesignPattern</Filter>
    </ClInclude>
    <ClInclude Include="..\..\DesignPattern\GameObject.h">
      <Filter>헤더 파일\DesignPattern</Filter>
    </ClInclude>
    <ClInclude Include="..\..\DesignPattern\Singleton.h">
      <Filter>헤더 파일\DesignPattern</Filter>
    </ClInclude>
    <ClInclude Include="..\..\DesignPattern\Transform.h">
      <Filter>헤더 파일\DesignPattern</Filter>
    </ClInclude>
    <ClInclude Include="DesignPatternHeader.h">
      <Filter>헤더 파일\DesignPattern</Filter>
    </ClInclude>
    <ClInclude Include="ShaderManager.h">
      <Filter>헤더 파일\ShaderClass</Filter>
    </ClInclude>
    <ClInclude Include="RenderTextureClass.h">
      <Filter>헤더 파일</Filter>
    </ClInclude>
    <ClInclude Include="FBXImporter.h">
      <Filter>헤더 파일\FBXImporter</Filter>
    </ClInclude>
    <ClInclude Include="Material.h">
      <Filter>헤더 파일\Components</Filter>
    </ClInclude>
    <ClInclude Include="ImGui\DrawInspector.h">
      <Filter>헤더 파일\ImGui</Filter>
    </ClInclude>
    <ClInclude Include="Assimp\ModelLoader.h">
      <Filter>헤더 파일\Assimp</Filter>
    </ClInclude>
    <ClInclude Include="Assimp\TextureLoader.h">
      <Filter>헤더 파일\Assimp</Filter>
    </ClInclude>
    <ClInclude Include="Assimp\Mesh.h">
      <Filter>헤더 파일\Assimp</Filter>
    </ClInclude>
    <ClInclude Include="Utils\AlignedAllocationPolicy.h">
      <Filter>헤더 파일\Utils</Filter>
    </ClInclude>
  </ItemGroup>
  <ItemGroup>
    <None Include="HLSL\Color.ps">
      <Filter>리소스 파일</Filter>
    </None>
    <None Include="HLSL\Color.vs">
      <Filter>리소스 파일</Filter>
    </None>
    <None Include="HLSL\Font.ps">
      <Filter>리소스 파일</Filter>
    </None>
    <None Include="HLSL\Font.vs">
      <Filter>리소스 파일</Filter>
    </None>
    <None Include="HLSL\Light.ps">
      <Filter>리소스 파일</Filter>
    </None>
    <None Include="HLSL\Light.vs">
      <Filter>리소스 파일</Filter>
    </None>
    <None Include="HLSL\Texture.ps">
      <Filter>리소스 파일</Filter>
    </None>
    <None Include="HLSL\Texture.vs">
      <Filter>리소스 파일</Filter>
    </None>
  </ItemGroup>
</Project>